
Microsoft Visual Studio Solution File, Format Version 12.00
# Visual Studio Version 17
VisualStudioVersion = 17.14.36511.14 d17.14
MinimumVisualStudioVersion = 10.0.40219.1
Project("{FAE04EC0-301F-11D3-BF4B-00C04F79EFBC}") = "Arithmatic Calculator", "Arithmatic Calculator\Arithmatic Calculator.csproj", "{4E0E20FE-93B7-4779-A100-6C6A90A8DC44}"
EndProject
Global
	GlobalSection(SolutionConfigurationPlatforms) = preSolution
		Debug|Any CPU = Debug|Any CPU
		Release|Any CPU = Release|Any CPU
	EndGlobalSection
	GlobalSection(ProjectConfigurationPlatforms) = postSolution
		{4E0E20FE-93B7-4779-A100-6C6A90A8DC44}.Debug|Any CPU.ActiveCfg = Debug|Any CPU
		{4E0E20FE-93B7-4779-A100-6C6A90A8DC44}.Debug|Any CPU.Build.0 = Debug|Any CPU
		{4E0E20FE-93B7-4779-A100-6C6A90A8DC44}.Release|Any CPU.ActiveCfg = Release|Any CPU
		{4E0E20FE-93B7-4779-A100-6C6A90A8DC44}.Release|Any CPU.Build.0 = Release|Any CPU
	EndGlobalSection
	GlobalSection(SolutionProperties) = preSolution
		HideSolutionNode = FALSE
	EndGlobalSection
	GlobalSection(ExtensibilityGlobals) = postSolution
		SolutionGuid = {3065C6C9-C601-4C18-ABBA-B13C03A4463E}
	EndGlobalSection
EndGlobal
